
Microsoft Visual Studio Solution File, Format Version 12.00
# Visual Studio Version 17
VisualStudioVersion = 17.11.35327.3
MinimumVisualStudioVersion = 10.0.40219.1
Project("{9A19103F-16F7-4668-BE54-9A1E7A4F7556}") = "BookMyHome.API", "BookMyHome.API\BookMyHome.API.csproj", "{61939161-7E9F-40F6-8137-D98CEEAC0F93}"
EndProject
Project("{9A19103F-16F7-4668-BE54-9A1E7A4F7556}") = "BookMyHome.Core", "BookMyHome.Core\BookMyHome.Core.csproj", "{809F1EDC-C68D-4D25-8173-FE8B091A634B}"
EndProject
Project("{9A19103F-16F7-4668-BE54-9A1E7A4F7556}") = "BookMyHome.Application", "BookMyHome.Application\BookMyHome.Application.csproj", "{F3E4C856-0E50-42D7-99FE-3959E1C4E127}"
EndProject
Project("{9A19103F-16F7-4668-BE54-9A1E7A4F7556}") = "BookMyHome.Infrastructure", "BookMyHome.Infrastructure\BookMyHome.Infrastructure.csproj", "{F6788656-D4F4-4A6F-9157-3AB64E1E179E}"
	ProjectSection(ProjectDependencies) = postProject
		{F3E4C856-0E50-42D7-99FE-3959E1C4E127} = {F3E4C856-0E50-42D7-99FE-3959E1C4E127}
	EndProjectSection
EndProject
Project("{2150E333-8FDC-42A3-9474-1A3956D46DE8}") = "source", "source", "{E6BFB8E6-E923-4515-8CDD-D6D8C5B9D540}"
EndProject
Project("{2150E333-8FDC-42A3-9474-1A3956D46DE8}") = "tests", "tests", "{E98601AE-A8EA-4189-AC14-BB33840B51F4}"
EndProject
Project("{9A19103F-16F7-4668-BE54-9A1E7A4F7556}") = "BookMyHome.UnitTest", "BookMyHome.UnitTest\BookMyHome.UnitTest.csproj", "{40EA70A9-2701-4039-953C-806338C968C6}"
EndProject
Project("{9A19103F-16F7-4668-BE54-9A1E7A4F7556}") = "BookMyHome.BlazorUI", "BookMyHome.BlazorUI\BookMyHome.BlazorUI.csproj", "{243E1672-FA69-44B4-99C8-7D49FC319C87}"
	ProjectSection(ProjectDependencies) = postProject
		{61939161-7E9F-40F6-8137-D98CEEAC0F93} = {61939161-7E9F-40F6-8137-D98CEEAC0F93}
	EndProjectSection
EndProject
Project("{2150E333-8FDC-42A3-9474-1A3956D46DE8}") = "Solution Items", "Solution Items", "{988D8E57-56B4-4349-BE54-9897DDA97B9D}"
	ProjectSection(SolutionItems) = preProject
		Opgave.txt = Opgave.txt
	EndProjectSection
EndProject
Global
	GlobalSection(SolutionConfigurationPlatforms) = preSolution
		Debug|Any CPU = Debug|Any CPU
		Release|Any CPU = Release|Any CPU
	EndGlobalSection
	GlobalSection(ProjectConfigurationPlatforms) = postSolution
		{61939161-7E9F-40F6-8137-D98CEEAC0F93}.Debug|Any CPU.ActiveCfg = Debug|Any CPU
		{61939161-7E9F-40F6-8137-D98CEEAC0F93}.Debug|Any CPU.Build.0 = Debug|Any CPU
		{61939161-7E9F-40F6-8137-D98CEEAC0F93}.Release|Any CPU.ActiveCfg = Release|Any CPU
		{61939161-7E9F-40F6-8137-D98CEEAC0F93}.Release|Any CPU.Build.0 = Release|Any CPU
		{809F1EDC-C68D-4D25-8173-FE8B091A634B}.Debug|Any CPU.ActiveCfg = Debug|Any CPU
		{809F1EDC-C68D-4D25-8173-FE8B091A634B}.Debug|Any CPU.Build.0 = Debug|Any CPU
		{809F1EDC-C68D-4D25-8173-FE8B091A634B}.Release|Any CPU.ActiveCfg = Release|Any CPU
		{809F1EDC-C68D-4D25-8173-FE8B091A634B}.Release|Any CPU.Build.0 = Release|Any CPU
		{F3E4C856-0E50-42D7-99FE-3959E1C4E127}.Debug|Any CPU.ActiveCfg = Debug|Any CPU
		{F3E4C856-0E50-42D7-99FE-3959E1C4E127}.Debug|Any CPU.Build.0 = Debug|Any CPU
		{F3E4C856-0E50-42D7-99FE-3959E1C4E127}.Release|Any CPU.ActiveCfg = Release|Any CPU
		{F3E4C856-0E50-42D7-99FE-3959E1C4E127}.Release|Any CPU.Build.0 = Release|Any CPU
		{F6788656-D4F4-4A6F-9157-3AB64E1E179E}.Debug|Any CPU.ActiveCfg = Debug|Any CPU
		{F6788656-D4F4-4A6F-9157-3AB64E1E179E}.Debug|Any CPU.Build.0 = Debug|Any CPU
		{F6788656-D4F4-4A6F-9157-3AB64E1E179E}.Release|Any CPU.ActiveCfg = Release|Any CPU
		{F6788656-D4F4-4A6F-9157-3AB64E1E179E}.Release|Any CPU.Build.0 = Release|Any CPU
		{40EA70A9-2701-4039-953C-806338C968C6}.Debug|Any CPU.ActiveCfg = Debug|Any CPU
		{40EA70A9-2701-4039-953C-806338C968C6}.Debug|Any CPU.Build.0 = Debug|Any CPU
		{40EA70A9-2701-4039-953C-806338C968C6}.Release|Any CPU.ActiveCfg = Release|Any CPU
		{40EA70A9-2701-4039-953C-806338C968C6}.Release|Any CPU.Build.0 = Release|Any CPU
		{243E1672-FA69-44B4-99C8-7D49FC319C87}.Debug|Any CPU.ActiveCfg = Debug|Any CPU
		{243E1672-FA69-44B4-99C8-7D49FC319C87}.Debug|Any CPU.Build.0 = Debug|Any CPU
		{243E1672-FA69-44B4-99C8-7D49FC319C87}.Release|Any CPU.ActiveCfg = Release|Any CPU
		{243E1672-FA69-44B4-99C8-7D49FC319C87}.Release|Any CPU.Build.0 = Release|Any CPU
	EndGlobalSection
	GlobalSection(SolutionProperties) = preSolution
		HideSolutionNode = FALSE
	EndGlobalSection
	GlobalSection(NestedProjects) = preSolution
		{61939161-7E9F-40F6-8137-D98CEEAC0F93} = {E6BFB8E6-E923-4515-8CDD-D6D8C5B9D540}
		{809F1EDC-C68D-4D25-8173-FE8B091A634B} = {E6BFB8E6-E923-4515-8CDD-D6D8C5B9D540}
		{F3E4C856-0E50-42D7-99FE-3959E1C4E127} = {E6BFB8E6-E923-4515-8CDD-D6D8C5B9D540}
		{F6788656-D4F4-4A6F-9157-3AB64E1E179E} = {E6BFB8E6-E923-4515-8CDD-D6D8C5B9D540}
		{40EA70A9-2701-4039-953C-806338C968C6} = {E98601AE-A8EA-4189-AC14-BB33840B51F4}
		{243E1672-FA69-44B4-99C8-7D49FC319C87} = {E6BFB8E6-E923-4515-8CDD-D6D8C5B9D540}
	EndGlobalSection
	GlobalSection(ExtensibilityGlobals) = postSolution
		SolutionGuid = {BEA22864-FD93-49AE-92F1-CA06DBA4DF9A}
	EndGlobalSection
EndGlobal
